
Microsoft Visual Studio Solution File, Format Version 12.00
# Visual Studio Version 17
VisualStudioVersion = 17.5.002.0
MinimumVisualStudioVersion = 10.0.40219.1
Project("{9A19103F-16F7-4668-BE54-9A1E7A4F7556}") = "WebApplication5", "WebApplication5.csproj", "{B47C3BB3-9D8D-4EFF-9988-A10F6967D1F3}"
EndProject
Global
	GlobalSection(SolutionConfigurationPlatforms) = preSolution
		Debug|Any CPU = Debug|Any CPU
		Release|Any CPU = Release|Any CPU
	EndGlobalSection
	GlobalSection(ProjectConfigurationPlatforms) = postSolution
		{B47C3BB3-9D8D-4EFF-9988-A10F6967D1F3}.Debug|Any CPU.ActiveCfg = Debug|Any CPU
		{B47C3BB3-9D8D-4EFF-9988-A10F6967D1F3}.Debug|Any CPU.Build.0 = Debug|Any CPU
		{B47C3BB3-9D8D-4EFF-9988-A10F6967D1F3}.Release|Any CPU.ActiveCfg = Release|Any CPU
		{B47C3BB3-9D8D-4EFF-9988-A10F6967D1F3}.Release|Any CPU.Build.0 = Release|Any CPU
	EndGlobalSection
	GlobalSection(SolutionProperties) = preSolution
		HideSolutionNode = FALSE
	EndGlobalSection
	GlobalSection(ExtensibilityGlobals) = postSolution
		SolutionGuid = {281E7567-F5CB-4164-BB9B-D6890DC5251A}
	EndGlobalSection
EndGlobal
